// !$*UTF8*$!
{
	archiveVersion = 1;
	classes = {
	};
	objectVersion = 50;
	objects = {

/* Begin PBXBuildFile section */
		1B9807CA33EA5AAE8D6D0A40 /* Pods_flixsterTests.framework in Frameworks */ = {isa = PBXBuildFile; fileRef = C7338DA833AB85DC838D206A /* Pods_flixsterTests.framework */; };
		96806E3C8E6E3725E9162D29 /* Pods_flixster_flixsterUITests.framework in Frameworks */ = {isa = PBXBuildFile; fileRef = 23C14640CABBD7BCFE81DF8D /* Pods_flixster_flixsterUITests.framework */; };
		ACDC62A3251D7AC5002DE483 /* AppDelegate.swift in Sources */ = {isa = PBXBuildFile; fileRef = ACDC62A2251D7AC5002DE483 /* AppDelegate.swift */; };
		ACDC62A5251D7AC5002DE483 /* SceneDelegate.swift in Sources */ = {isa = PBXBuildFile; fileRef = ACDC62A4251D7AC5002DE483 /* SceneDelegate.swift */; };
		ACDC62AA251D7AC5002DE483 /* Main.storyboard in Resources */ = {isa = PBXBuildFile; fileRef = ACDC62A8251D7AC5002DE483 /* Main.storyboard */; };
		ACDC62AC251D7AC7002DE483 /* Assets.xcassets in Resources */ = {isa = PBXBuildFile; fileRef = ACDC62AB251D7AC7002DE483 /* Assets.xcassets */; };
		ACDC62AF251D7AC7002DE483 /* LaunchScreen.storyboard in Resources */ = {isa = PBXBuildFile; fileRef = ACDC62AD251D7AC7002DE483 /* LaunchScreen.storyboard */; };
		ACDC62BA251D7AC7002DE483 /* flixsterTests.swift in Sources */ = {isa = PBXBuildFile; fileRef = ACDC62B9251D7AC7002DE483 /* flixsterTests.swift */; };
		ACDC62C5251D7AC7002DE483 /* flixsterUITests.swift in Sources */ = {isa = PBXBuildFile; fileRef = ACDC62C4251D7AC7002DE483 /* flixsterUITests.swift */; };
		ACDC62D6251D7CBA002DE483 /* MoviesViewController.swift in Sources */ = {isa = PBXBuildFile; fileRef = ACDC62D5251D7CBA002DE483 /* MoviesViewController.swift */; };
		ACDC62DE251D8935002DE483 /* MovieCell.swift in Sources */ = {isa = PBXBuildFile; fileRef = ACDC62DD251D8935002DE483 /* MovieCell.swift */; };
		AEC9E469BA929E41888394A9 /* Pods_flixster.framework in Frameworks */ = {isa = PBXBuildFile; fileRef = 6728695CDD4F139A79655F7E /* Pods_flixster.framework */; };
/* End PBXBuildFile section */

/* Begin PBXContainerItemProxy section */
		ACDC62B6251D7AC7002DE483 /* PBXContainerItemProxy */ = {
			isa = PBXContainerItemProxy;
			containerPortal = ACDC6297251D7AC5002DE483 /* Project object */;
			proxyType = 1;
			remoteGlobalIDString = ACDC629E251D7AC5002DE483;
			remoteInfo = flixster;
		};
		ACDC62C1251D7AC7002DE483 /* PBXContainerItemProxy */ = {
			isa = PBXContainerItemProxy;
			containerPortal = ACDC6297251D7AC5002DE483 /* Project object */;
			proxyType = 1;
			remoteGlobalIDString = ACDC629E251D7AC5002DE483;
			remoteInfo = flixster;
		};
/* End PBXContainerItemProxy section */

/* Begin PBXFileReference section */
		1D6DBE8DD47EA154392384B9 /* Pods-flixsterTests.debug.xcconfig */ = {isa = PBXFileReference; includeInIndex = 1; lastKnownFileType = text.xcconfig; name = "Pods-flixsterTests.debug.xcconfig"; path = "Target Support Files/Pods-flixsterTests/Pods-flixsterTests.debug.xcconfig"; sourceTree = "<group>"; };
		23C14640CABBD7BCFE81DF8D /* Pods_flixster_flixsterUITests.framework */ = {isa = PBXFileReference; explicitFileType = wrapper.framework; includeInIndex = 0; path = Pods_flixster_flixsterUITests.framework; sourceTree = BUILT_PRODUCTS_DIR; };
		3D20AE836932F51A891C6BDA /* Pods-flixster.release.xcconfig */ = {isa = PBXFileReference; includeInIndex = 1; lastKnownFileType = text.xcconfig; name = "Pods-flixster.release.xcconfig"; path = "Target Support Files/Pods-flixster/Pods-flixster.release.xcconfig"; sourceTree = "<group>"; };
		6728695CDD4F139A79655F7E /* Pods_flixster.framework */ = {isa = PBXFileReference; explicitFileType = wrapper.framework; includeInIndex = 0; path = Pods_flixster.framework; sourceTree = BUILT_PRODUCTS_DIR; };
		9635054841DD12BB4E402721 /* Pods-flixsterTests.release.xcconfig */ = {isa = PBXFileReference; includeInIndex = 1; lastKnownFileType = text.xcconfig; name = "Pods-flixsterTests.release.xcconfig"; path = "Target Support Files/Pods-flixsterTests/Pods-flixsterTests.release.xcconfig"; sourceTree = "<group>"; };
		ACDC629F251D7AC5002DE483 /* flixster.app */ = {isa = PBXFileReference; explicitFileType = wrapper.application; includeInIndex = 0; path = flixster.app; sourceTree = BUILT_PRODUCTS_DIR; };
		ACDC62A2251D7AC5002DE483 /* AppDelegate.swift */ = {isa = PBXFileReference; lastKnownFileType = sourcecode.swift; path = AppDelegate.swift; sourceTree = "<group>"; };
		ACDC62A4251D7AC5002DE483 /* SceneDelegate.swift */ = {isa = PBXFileReference; lastKnownFileType = sourcecode.swift; path = SceneDelegate.swift; sourceTree = "<group>"; };
		ACDC62A9251D7AC5002DE483 /* Base */ = {isa = PBXFileReference; lastKnownFileType = file.storyboard; name = Base; path = Base.lproj/Main.storyboard; sourceTree = "<group>"; };
		ACDC62AB251D7AC7002DE483 /* Assets.xcassets */ = {isa = PBXFileReference; lastKnownFileType = folder.assetcatalog; path = Assets.xcassets; sourceTree = "<group>"; };
		ACDC62AE251D7AC7002DE483 /* Base */ = {isa = PBXFileReference; lastKnownFileType = file.storyboard; name = Base; path = Base.lproj/LaunchScreen.storyboard; sourceTree = "<group>"; };
		ACDC62B0251D7AC7002DE483 /* Info.plist */ = {isa = PBXFileReference; lastKnownFileType = text.plist.xml; path = Info.plist; sourceTree = "<group>"; };
		ACDC62B5251D7AC7002DE483 /* flixsterTests.xctest */ = {isa = PBXFileReference; explicitFileType = wrapper.cfbundle; includeInIndex = 0; path = flixsterTests.xctest; sourceTree = BUILT_PRODUCTS_DIR; };
		ACDC62B9251D7AC7002DE483 /* flixsterTests.swift */ = {isa = PBXFileReference; lastKnownFileType = sourcecode.swift; path = flixsterTests.swift; sourceTree = "<group>"; };
		ACDC62BB251D7AC7002DE483 /* Info.plist */ = {isa = PBXFileReference; lastKnownFileType = text.plist.xml; path = Info.plist; sourceTree = "<group>"; };
		ACDC62C0251D7AC7002DE483 /* flixsterUITests.xctest */ = {isa = PBXFileReference; explicitFileType = wrapper.cfbundle; includeInIndex = 0; path = flixsterUITests.xctest; sourceTree = BUILT_PRODUCTS_DIR; };
		ACDC62C4251D7AC7002DE483 /* flixsterUITests.swift */ = {isa = PBXFileReference; lastKnownFileType = sourcecode.swift; path = flixsterUITests.swift; sourceTree = "<group>"; };
		ACDC62C6251D7AC7002DE483 /* Info.plist */ = {isa = PBXFileReference; lastKnownFileType = text.plist.xml; path = Info.plist; sourceTree = "<group>"; };
		ACDC62D5251D7CBA002DE483 /* MoviesViewController.swift */ = {isa = PBXFileReference; lastKnownFileType = sourcecode.swift; path = MoviesViewController.swift; sourceTree = "<group>"; };
		ACDC62DD251D8935002DE483 /* MovieCell.swift */ = {isa = PBXFileReference; lastKnownFileType = sourcecode.swift; path = MovieCell.swift; sourceTree = "<group>"; };
		C5B93B76E1B8CD9200D39DE8 /* Pods-flixster-flixsterUITests.release.xcconfig */ = {isa = PBXFileReference; includeInIndex = 1; lastKnownFileType = text.xcconfig; name = "Pods-flixster-flixsterUITests.release.xcconfig"; path = "Target Support Files/Pods-flixster-flixsterUITests/Pods-flixster-flixsterUITests.release.xcconfig"; sourceTree = "<group>"; };
		C7338DA833AB85DC838D206A /* Pods_flixsterTests.framework */ = {isa = PBXFileReference; explicitFileType = wrapper.framework; includeInIndex = 0; path = Pods_flixsterTests.framework; sourceTree = BUILT_PRODUCTS_DIR; };
		D5C97DCE87FC4813F13BA1F1 /* Pods-flixster-flixsterUITests.debug.xcconfig */ = {isa = PBXFileReference; includeInIndex = 1; lastKnownFileType = text.xcconfig; name = "Pods-flixster-flixsterUITests.debug.xcconfig"; path = "Target Support Files/Pods-flixster-flixsterUITests/Pods-flixster-flixsterUITests.debug.xcconfig"; sourceTree = "<group>"; };
		FF3887274F77E7DCEC12365E /* Pods-flixster.debug.xcconfig */ = {isa = PBXFileReference; includeInIndex = 1; lastKnownFileType = text.xcconfig; name = "Pods-flixster.debug.xcconfig"; path = "Target Support Files/Pods-flixster/Pods-flixster.debug.xcconfig"; sourceTree = "<group>"; };
/* End PBXFileReference section */

/* Begin PBXFrameworksBuildPhase section */
		ACDC629C251D7AC5002DE483 /* Frameworks */ = {
			isa = PBXFrameworksBuildPhase;
			buildActionMask = 2147483647;
			files = (
				AEC9E469BA929E41888394A9 /* Pods_flixster.framework in Frameworks */,
			);
			runOnlyForDeploymentPostprocessing = 0;
		};
		ACDC62B2251D7AC7002DE483 /* Frameworks */ = {
			isa = PBXFrameworksBuildPhase;
			buildActionMask = 2147483647;
			files = (
				1B9807CA33EA5AAE8D6D0A40 /* Pods_flixsterTests.framework in Frameworks */,
			);
			runOnlyForDeploymentPostprocessing = 0;
		};
		ACDC62BD251D7AC7002DE483 /* Frameworks */ = {
			isa = PBXFrameworksBuildPhase;
			buildActionMask = 2147483647;
			files = (
				96806E3C8E6E3725E9162D29 /* Pods_flixster_flixsterUITests.framework in Frameworks */,
			);
			runOnlyForDeploymentPostprocessing = 0;
		};
/* End PBXFrameworksBuildPhase section */

/* Begin PBXGroup section */
		7D5A498F01FA4798BCFB0FC3 /* Pods */ = {
			isa = PBXGroup;
			children = (
				FF3887274F77E7DCEC12365E /* Pods-flixster.debug.xcconfig */,
				3D20AE836932F51A891C6BDA /* Pods-flixster.release.xcconfig */,
				D5C97DCE87FC4813F13BA1F1 /* Pods-flixster-flixsterUITests.debug.xcconfig */,
				C5B93B76E1B8CD9200D39DE8 /* Pods-flixster-flixsterUITests.release.xcconfig */,
				1D6DBE8DD47EA154392384B9 /* Pods-flixsterTests.debug.xcconfig */,
				9635054841DD12BB4E402721 /* Pods-flixsterTests.release.xcconfig */,
			);
			name = Pods;
			path = Pods;
			sourceTree = "<group>";
		};
		ACDC6296251D7AC5002DE483 = {
			isa = PBXGroup;
			children = (
				ACDC62A1251D7AC5002DE483 /* flixster */,
				ACDC62B8251D7AC7002DE483 /* flixsterTests */,
				ACDC62C3251D7AC7002DE483 /* flixsterUITests */,
				ACDC62A0251D7AC5002DE483 /* Products */,
				7D5A498F01FA4798BCFB0FC3 /* Pods */,
				DAB2EF56C64E934C093F50F2 /* Frameworks */,
			);
			sourceTree = "<group>";
		};
		ACDC62A0251D7AC5002DE483 /* Products */ = {
			isa = PBXGroup;
			children = (
				ACDC629F251D7AC5002DE483 /* flixster.app */,
				ACDC62B5251D7AC7002DE483 /* flixsterTests.xctest */,
				ACDC62C0251D7AC7002DE483 /* flixsterUITests.xctest */,
			);
			name = Products;
			sourceTree = "<group>";
		};
		ACDC62A1251D7AC5002DE483 /* flixster */ = {
			isa = PBXGroup;
			children = (
				ACDC62A2251D7AC5002DE483 /* AppDelegate.swift */,
				ACDC62A4251D7AC5002DE483 /* SceneDelegate.swift */,
				ACDC62A8251D7AC5002DE483 /* Main.storyboard */,
				ACDC62AB251D7AC7002DE483 /* Assets.xcassets */,
				ACDC62AD251D7AC7002DE483 /* LaunchScreen.storyboard */,
				ACDC62B0251D7AC7002DE483 /* Info.plist */,
				ACDC62D5251D7CBA002DE483 /* MoviesViewController.swift */,
				ACDC62DD251D8935002DE483 /* MovieCell.swift */,
			);
			path = flixster;
			sourceTree = "<group>";
		};
		ACDC62B8251D7AC7002DE483 /* flixsterTests */ = {
			isa = PBXGroup;
			children = (
				ACDC62B9251D7AC7002DE483 /* flixsterTests.swift */,
				ACDC62BB251D7AC7002DE483 /* Info.plist */,
			);
			path = flixsterTests;
			sourceTree = "<group>";
		};
		ACDC62C3251D7AC7002DE483 /* flixsterUITests */ = {
			isa = PBXGroup;
			children = (
				ACDC62C4251D7AC7002DE483 /* flixsterUITests.swift */,
				ACDC62C6251D7AC7002DE483 /* Info.plist */,
			);
			path = flixsterUITests;
			sourceTree = "<group>";
		};
		DAB2EF56C64E934C093F50F2 /* Frameworks */ = {
			isa = PBXGroup;
			children = (
				6728695CDD4F139A79655F7E /* Pods_flixster.framework */,
				23C14640CABBD7BCFE81DF8D /* Pods_flixster_flixsterUITests.framework */,
				C7338DA833AB85DC838D206A /* Pods_flixsterTests.framework */,
			);
			name = Frameworks;
			sourceTree = "<group>";
		};
/* End PBXGroup section */

/* Begin PBXNativeTarget section */
		ACDC629E251D7AC5002DE483 /* flixster */ = {
			isa = PBXNativeTarget;
			buildConfigurationList = ACDC62C9251D7AC7002DE483 /* Build configuration list for PBXNativeTarget "flixster" */;
			buildPhases = (
				032E872B94949B5057DC3B17 /* [CP] Check Pods Manifest.lock */,
				ACDC629B251D7AC5002DE483 /* Sources */,
				ACDC629C251D7AC5002DE483 /* Frameworks */,
				ACDC629D251D7AC5002DE483 /* Resources */,
				5A58E83FEF91007F6085D58B /* [CP] Embed Pods Frameworks */,
			);
			buildRules = (
			);
			dependencies = (
			);
			name = flixster;
			productName = flixster;
			productReference = ACDC629F251D7AC5002DE483 /* flixster.app */;
			productType = "com.apple.product-type.application";
		};
		ACDC62B4251D7AC7002DE483 /* flixsterTests */ = {
			isa = PBXNativeTarget;
			buildConfigurationList = ACDC62CC251D7AC7002DE483 /* Build configuration list for PBXNativeTarget "flixsterTests" */;
			buildPhases = (
				0DD39C4547ADB02A4AF0E81C /* [CP] Check Pods Manifest.lock */,
				ACDC62B1251D7AC7002DE483 /* Sources */,
				ACDC62B2251D7AC7002DE483 /* Frameworks */,
				ACDC62B3251D7AC7002DE483 /* Resources */,
			);
			buildRules = (
			);
			dependencies = (
				ACDC62B7251D7AC7002DE483 /* PBXTargetDependency */,
			);
			name = flixsterTests;
			productName = flixsterTests;
			productReference = ACDC62B5251D7AC7002DE483 /* flixsterTests.xctest */;
			productType = "com.apple.product-type.bundle.unit-test";
		};
		ACDC62BF251D7AC7002DE483 /* flixsterUITests */ = {
			isa = PBXNativeTarget;
			buildConfigurationList = ACDC62CF251D7AC7002DE483 /* Build configuration list for PBXNativeTarget "flixsterUITests" */;
			buildPhases = (
				F7CE25B3A9B6B15182C40346 /* [CP] Check Pods Manifest.lock */,
				ACDC62BC251D7AC7002DE483 /* Sources */,
				ACDC62BD251D7AC7002DE483 /* Frameworks */,
				ACDC62BE251D7AC7002DE483 /* Resources */,
				D88D22ABC22A30D50A3C6FA7 /* [CP] Embed Pods Frameworks */,
			);
			buildRules = (
			);
			dependencies = (
				ACDC62C2251D7AC7002DE483 /* PBXTargetDependency */,
			);
			name = flixsterUITests;
			productName = flixsterUITests;
			productReference = ACDC62C0251D7AC7002DE483 /* flixsterUITests.xctest */;
			productType = "com.apple.product-type.bundle.ui-testing";
		};
/* End PBXNativeTarget section */

/* Begin PBXProject section */
		ACDC6297251D7AC5002DE483 /* Project object */ = {
			isa = PBXProject;
			attributes = {
				LastSwiftUpdateCheck = 1200;
				LastUpgradeCheck = 1200;
				TargetAttributes = {
					ACDC629E251D7AC5002DE483 = {
						CreatedOnToolsVersion = 12.0;
					};
					ACDC62B4251D7AC7002DE483 = {
						CreatedOnToolsVersion = 12.0;
						TestTargetID = ACDC629E251D7AC5002DE483;
					};
					ACDC62BF251D7AC7002DE483 = {
						CreatedOnToolsVersion = 12.0;
						TestTargetID = ACDC629E251D7AC5002DE483;
					};
				};
			};
			buildConfigurationList = ACDC629A251D7AC5002DE483 /* Build configuration list for PBXProject "flixster" */;
			compatibilityVersion = "Xcode 9.3";
			developmentRegion = en;
			hasScannedForEncodings = 0;
			knownRegions = (
				en,
				Base,
			);
			mainGroup = ACDC6296251D7AC5002DE483;
			productRefGroup = ACDC62A0251D7AC5002DE483 /* Products */;
			projectDirPath = "";
			projectRoot = "";
			targets = (
				ACDC629E251D7AC5002DE483 /* flixster */,
				ACDC62B4251D7AC7002DE483 /* flixsterTests */,
				ACDC62BF251D7AC7002DE483 /* flixsterUITests */,
			);
		};
/* End PBXProject section */

/* Begin PBXResourcesBuildPhase section */
		ACDC629D251D7AC5002DE483 /* Resources */ = {
			isa = PBXResourcesBuildPhase;
			buildActionMask = 2147483647;
			files = (
				ACDC62AF251D7AC7002DE483 /* LaunchScreen.storyboard in Resources */,
				ACDC62AC251D7AC7002DE483 /* Assets.xcassets in Resources */,
				ACDC62AA251D7AC5002DE483 /* Main.storyboard in Resources */,
			);
			runOnlyForDeploymentPostprocessing = 0;
		};
		ACDC62B3251D7AC7002DE483 /* Resources */ = {
			isa = PBXResourcesBuildPhase;
			buildActionMask = 2147483647;
			files = (
			);
			runOnlyForDeploymentPostprocessing = 0;
		};
		ACDC62BE251D7AC7002DE483 /* Resources */ = {
			isa = PBXResourcesBuildPhase;
			buildActionMask = 2147483647;
			files = (
			);
			runOnlyForDeploymentPostprocessing = 0;
		};
/* End PBXResourcesBuildPhase section */

/* Begin PBXShellScriptBuildPhase section */
		032E872B94949B5057DC3B17 /* [CP] Check Pods Manifest.lock */ = {
			isa = PBXShellScriptBuildPhase;
			buildActionMask = 2147483647;
			files = (
			);
			inputFileListPaths = (
			);
			inputPaths = (
				"${PODS_PODFILE_DIR_PATH}/Podfile.lock",
				"${PODS_ROOT}/Manifest.lock",
			);
			name = "[CP] Check Pods Manifest.lock";
			outputFileListPaths = (
			);
			outputPaths = (
				"$(DERIVED_FILE_DIR)/Pods-flixster-checkManifestLockResult.txt",
			);
			runOnlyForDeploymentPostprocessing = 0;
			shellPath = /bin/sh;
			shellScript = "diff \"${PODS_PODFILE_DIR_PATH}/Podfile.lock\" \"${PODS_ROOT}/Manifest.lock\" > /dev/null\nif [ $? != 0 ] ; then\n    # print error to STDERR\n    echo \"error: The sandbox is not in sync with the Podfile.lock. Run 'pod install' or update your CocoaPods installation.\" >&2\n    exit 1\nfi\n# This output is used by Xcode 'outputs' to avoid re-running this script phase.\necho \"SUCCESS\" > \"${SCRIPT_OUTPUT_FILE_0}\"\n";
			showEnvVarsInLog = 0;
		};
		0DD39C4547ADB02A4AF0E81C /* [CP] Check Pods Manifest.lock */ = {
			isa = PBXShellScriptBuildPhase;
			buildActionMask = 2147483647;
			files = (
			);
			inputFileListPaths = (
			);
			inputPaths = (
				"${PODS_PODFILE_DIR_PATH}/Podfile.lock",
				"${PODS_ROOT}/Manifest.lock",
			);
			name = "[CP] Check Pods Manifest.lock";
			outputFileListPaths = (
			);
			outputPaths = (
				"$(DERIVED_FILE_DIR)/Pods-flixsterTests-checkManifestLockResult.txt",
			);
			runOnlyForDeploymentPostprocessing = 0;
			shellPath = /bin/sh;
			shellScript = "diff \"${PODS_PODFILE_DIR_PATH}/Podfile.lock\" \"${PODS_ROOT}/Manifest.lock\" > /dev/null\nif [ $? != 0 ] ; then\n    # print error to STDERR\n    echo \"error: The sandbox is not in sync with the Podfile.lock. Run 'pod install' or update your CocoaPods installation.\" >&2\n    exit 1\nfi\n# This output is used by Xcode 'outputs' to avoid re-running this script phase.\necho \"SUCCESS\" > \"${SCRIPT_OUTPUT_FILE_0}\"\n";
			showEnvVarsInLog = 0;
		};
		5A58E83FEF91007F6085D58B /* [CP] Embed Pods Frameworks */ = {
			isa = PBXShellScriptBuildPhase;
			buildActionMask = 2147483647;
			files = (
			);
			inputFileListPaths = (
				"${PODS_ROOT}/Target Support Files/Pods-flixster/Pods-flixster-frameworks-${CONFIGURATION}-input-files.xcfilelist",
			);
			name = "[CP] Embed Pods Frameworks";
			outputFileListPaths = (
				"${PODS_ROOT}/Target Support Files/Pods-flixster/Pods-flixster-frameworks-${CONFIGURATION}-output-files.xcfilelist",
			);
			runOnlyForDeploymentPostprocessing = 0;
			shellPath = /bin/sh;
			shellScript = "\"${PODS_ROOT}/Target Support Files/Pods-flixster/Pods-flixster-frameworks.sh\"\n";
			showEnvVarsInLog = 0;
		};
		D88D22ABC22A30D50A3C6FA7 /* [CP] Embed Pods Frameworks */ = {
			isa = PBXShellScriptBuildPhase;
			buildActionMask = 2147483647;
			files = (
			);
			inputFileListPaths = (
				"${PODS_ROOT}/Target Support Files/Pods-flixster-flixsterUITests/Pods-flixster-flixsterUITests-frameworks-${CONFIGURATION}-input-files.xcfilelist",
			);
			name = "[CP] Embed Pods Frameworks";
			outputFileListPaths = (
				"${PODS_ROOT}/Target Support Files/Pods-flixster-flixsterUITests/Pods-flixster-flixsterUITests-frameworks-${CONFIGURATION}-output-files.xcfilelist",
			);
			runOnlyForDeploymentPostprocessing = 0;
			shellPath = /bin/sh;
			shellScript = "\"${PODS_ROOT}/Target Support Files/Pods-flixster-flixsterUITests/Pods-flixster-flixsterUITests-frameworks.sh\"\n";
			showEnvVarsInLog = 0;
		};
		F7CE25B3A9B6B15182C40346 /* [CP] Check Pods Manifest.lock */ = {
			isa = PBXShellScriptBuildPhase;
			buildActionMask = 2147483647;
			files = (
			);
			inputFileListPaths = (
			);
			inputPaths = (
				"${PODS_PODFILE_DIR_PATH}/Podfile.lock",
				"${PODS_ROOT}/Manifest.lock",
			);
			name = "[CP] Check Pods Manifest.lock";
			outputFileListPaths = (
			);
			outputPaths = (
				"$(DERIVED_FILE_DIR)/Pods-flixster-flixsterUITests-checkManifestLockResult.txt",
			);
			runOnlyForDeploymentPostprocessing = 0;
			shellPath = /bin/sh;
			shellScript = "diff \"${PODS_PODFILE_DIR_PATH}/Podfile.lock\" \"${PODS_ROOT}/Manifest.lock\" > /dev/null\nif [ $? != 0 ] ; then\n    # print error to STDERR\n    echo \"error: The sandbox is not in sync with the Podfile.lock. Run 'pod install' or update your CocoaPods installation.\" >&2\n    exit 1\nfi\n# This output is used by Xcode 'outputs' to avoid re-running this script phase.\necho \"SUCCESS\" > \"${SCRIPT_OUTPUT_FILE_0}\"\n";
			showEnvVarsInLog = 0;
		};
/* End PBXShellScriptBuildPhase section */

/* Begin PBXSourcesBuildPhase section */
		ACDC629B251D7AC5002DE483 /* Sources */ = {
			isa = PBXSourcesBuildPhase;
			buildActionMask = 2147483647;
			files = (
				ACDC62A3251D7AC5002DE483 /* AppDelegate.swift in Sources */,
				ACDC62A5251D7AC5002DE483 /* SceneDelegate.swift in Sources */,
				ACDC62DE251D8935002DE483 /* MovieCell.swift in Sources */,
				ACDC62D6251D7CBA002DE483 /* MoviesViewController.swift in Sources */,
			);
			runOnlyForDeploymentPostprocessing = 0;
		};
		ACDC62B1251D7AC7002DE483 /* Sources */ = {
			isa = PBXSourcesBuildPhase;
			buildActionMask = 2147483647;
			files = (
				ACDC62BA251D7AC7002DE483 /* flixsterTests.swift in Sources */,
			);
			runOnlyForDeploymentPostprocessing = 0;
		};
		ACDC62BC251D7AC7002DE483 /* Sources */ = {
			isa = PBXSourcesBuildPhase;
			buildActionMask = 2147483647;
			files = (
				ACDC62C5251D7AC7002DE483 /* flixsterUITests.swift in Sources */,
			);
			runOnlyForDeploymentPostprocessing = 0;
		};
/* End PBXSourcesBuildPhase section */

/* Begin PBXTargetDependency section */
		ACDC62B7251D7AC7002DE483 /* PBXTargetDependency */ = {
			isa = PBXTargetDependency;
			target = ACDC629E251D7AC5002DE483 /* flixster */;
			targetProxy = ACDC62B6251D7AC7002DE483 /* PBXContainerItemProxy */;
		};
		ACDC62C2251D7AC7002DE483 /* PBXTargetDependency */ = {
			isa = PBXTargetDependency;
			target = ACDC629E251D7AC5002DE483 /* flixster */;
			targetProxy = ACDC62C1251D7AC7002DE483 /* PBXContainerItemProxy */;
		};
/* End PBXTargetDependency section */

/* Begin PBXVariantGroup section */
		ACDC62A8251D7AC5002DE483 /* Main.storyboard */ = {
			isa = PBXVariantGroup;
			children = (
				ACDC62A9251D7AC5002DE483 /* Base */,
			);
			name = Main.storyboard;
			sourceTree = "<group>";
		};
		ACDC62AD251D7AC7002DE483 /* LaunchScreen.storyboard */ = {
			isa = PBXVariantGroup;
			children = (
				ACDC62AE251D7AC7002DE483 /* Base */,
			);
			name = LaunchScreen.storyboard;
			sourceTree = "<group>";
		};
/* End PBXVariantGroup section */

/* Begin XCBuildConfiguration section */
		ACDC62C7251D7AC7002DE483 /* Debug */ = {
			isa = XCBuildConfiguration;
			buildSettings = {
				ALWAYS_SEARCH_USER_PATHS = NO;
				CLANG_ANALYZER_NONNULL = YES;
				CLANG_ANALYZER_NUMBER_OBJECT_CONVERSION = YES_AGGRESSIVE;
				CLANG_CXX_LANGUAGE_STANDARD = "gnu++14";
				CLANG_CXX_LIBRARY = "libc++";
				CLANG_ENABLE_MODULES = YES;
				CLANG_ENABLE_OBJC_ARC = YES;
				CLANG_ENABLE_OBJC_WEAK = YES;
				CLANG_WARN_BLOCK_CAPTURE_AUTORELEASING = YES;
				CLANG_WARN_BOOL_CONVERSION = YES;
				CLANG_WARN_COMMA = YES;
				CLANG_WARN_CONSTANT_CONVERSION = YES;
				CLANG_WARN_DEPRECATED_OBJC_IMPLEMENTATIONS = YES;
				CLANG_WARN_DIRECT_OBJC_ISA_USAGE = YES_ERROR;
				CLANG_WARN_DOCUMENTATION_COMMENTS = YES;
				CLANG_WARN_EMPTY_BODY = YES;
				CLANG_WARN_ENUM_CONVERSION = YES;
				CLANG_WARN_INFINITE_RECURSION = YES;
				CLANG_WARN_INT_CONVERSION = YES;
				CLANG_WARN_NON_LITERAL_NULL_CONVERSION = YES;
				CLANG_WARN_OBJC_IMPLICIT_RETAIN_SELF = YES;
				CLANG_WARN_OBJC_LITERAL_CONVERSION = YES;
				CLANG_WARN_OBJC_ROOT_CLASS = YES_ERROR;
				CLANG_WARN_QUOTED_INCLUDE_IN_FRAMEWORK_HEADER = YES;
				CLANG_WARN_RANGE_LOOP_ANALYSIS = YES;
				CLANG_WARN_STRICT_PROTOTYPES = YES;
				CLANG_WARN_SUSPICIOUS_MOVE = YES;
				CLANG_WARN_UNGUARDED_AVAILABILITY = YES_AGGRESSIVE;
				CLANG_WARN_UNREACHABLE_CODE = YES;
				CLANG_WARN__DUPLICATE_METHOD_MATCH = YES;
				COPY_PHASE_STRIP = NO;
				DEBUG_INFORMATION_FORMAT = dwarf;
				ENABLE_STRICT_OBJC_MSGSEND = YES;
				ENABLE_TESTABILITY = YES;
				GCC_C_LANGUAGE_STANDARD = gnu11;
				GCC_DYNAMIC_NO_PIC = NO;
				GCC_NO_COMMON_BLOCKS = YES;
				GCC_OPTIMIZATION_LEVEL = 0;
				GCC_PREPROCESSOR_DEFINITIONS = (
					"DEBUG=1",
					"$(inherited)",
				);
				GCC_WARN_64_TO_32_BIT_CONVERSION = YES;
				GCC_WARN_ABOUT_RETURN_TYPE = YES_ERROR;
				GCC_WARN_UNDECLARED_SELECTOR = YES;
				GCC_WARN_UNINITIALIZED_AUTOS = YES_AGGRESSIVE;
				GCC_WARN_UNUSED_FUNCTION = YES;
				GCC_WARN_UNUSED_VARIABLE = YES;
				IPHONEOS_DEPLOYMENT_TARGET = 14.0;
				MTL_ENABLE_DEBUG_INFO = INCLUDE_SOURCE;
				MTL_FAST_MATH = YES;
				ONLY_ACTIVE_ARCH = YES;
				SDKROOT = iphoneos;
				SWIFT_ACTIVE_COMPILATION_CONDITIONS = DEBUG;
				SWIFT_OPTIMIZATION_LEVEL = "-Onone";
			};
			name = Debug;
		};
		ACDC62C8251D7AC7002DE483 /* Release */ = {
			isa = XCBuildConfiguration;
			buildSettings = {
				ALWAYS_SEARCH_USER_PATHS = NO;
				CLANG_ANALYZER_NONNULL = YES;
				CLANG_ANALYZER_NUMBER_OBJECT_CONVERSION = YES_AGGRESSIVE;
				CLANG_CXX_LANGUAGE_STANDARD = "gnu++14";
				CLANG_CXX_LIBRARY = "libc++";
				CLANG_ENABLE_MODULES = YES;
				CLANG_ENABLE_OBJC_ARC = YES;
				CLANG_ENABLE_OBJC_WEAK = YES;
				CLANG_WARN_BLOCK_CAPTURE_AUTORELEASING = YES;
				CLANG_WARN_BOOL_CONVERSION = YES;
				CLANG_WARN_COMMA = YES;
				CLANG_WARN_CONSTANT_CONVERSION = YES;
				CLANG_WARN_DEPRECATED_OBJC_IMPLEMENTATIONS = YES;
				CLANG_WARN_DIRECT_OBJC_ISA_USAGE = YES_ERROR;
				CLANG_WARN_DOCUMENTATION_COMMENTS = YES;
				CLANG_WARN_EMPTY_BODY = YES;
				CLANG_WARN_ENUM_CONVERSION = YES;
				CLANG_WARN_INFINITE_RECURSION = YES;
				CLANG_WARN_INT_CONVERSION = YES;
				CLANG_WARN_NON_LITERAL_NULL_CONVERSION = YES;
				CLANG_WARN_OBJC_IMPLICIT_RETAIN_SELF = YES;
				CLANG_WARN_OBJC_LITERAL_CONVERSION = YES;
				CLANG_WARN_OBJC_ROOT_CLASS = YES_ERROR;
				CLANG_WARN_QUOTED_INCLUDE_IN_FRAMEWORK_HEADER = YES;
				CLANG_WARN_RANGE_LOOP_ANALYSIS = YES;
				CLANG_WARN_STRICT_PROTOTYPES = YES;
				CLANG_WARN_SUSPICIOUS_MOVE = YES;
				CLANG_WARN_UNGUARDED_AVAILABILITY = YES_AGGRESSIVE;
				CLANG_WARN_UNREACHABLE_CODE = YES;
				CLANG_WARN__DUPLICATE_METHOD_MATCH = YES;
				COPY_PHASE_STRIP = NO;
				DEBUG_INFORMATION_FORMAT = "dwarf-with-dsym";
				ENABLE_NS_ASSERTIONS = NO;
				ENABLE_STRICT_OBJC_MSGSEND = YES;
				GCC_C_LANGUAGE_STANDARD = gnu11;
				GCC_NO_COMMON_BLOCKS = YES;
				GCC_WARN_64_TO_32_BIT_CONVERSION = YES;
				GCC_WARN_ABOUT_RETURN_TYPE = YES_ERROR;
				GCC_WARN_UNDECLARED_SELECTOR = YES;
				GCC_WARN_UNINITIALIZED_AUTOS = YES_AGGRESSIVE;
				GCC_WARN_UNUSED_FUNCTION = YES;
				GCC_WARN_UNUSED_VARIABLE = YES;
				IPHONEOS_DEPLOYMENT_TARGET = 14.0;
				MTL_ENABLE_DEBUG_INFO = NO;
				MTL_FAST_MATH = YES;
				SDKROOT = iphoneos;
				SWIFT_COMPILATION_MODE = wholemodule;
				SWIFT_OPTIMIZATION_LEVEL = "-O";
				VALIDATE_PRODUCT = YES;
			};
			name = Release;
		};
		ACDC62CA251D7AC7002DE483 /* Debug */ = {
			isa = XCBuildConfiguration;
			baseConfigurationReference = FF3887274F77E7DCEC12365E /* Pods-flixster.debug.xcconfig */;
			buildSettings = {
				ASSETCATALOG_COMPILER_APPICON_NAME = AppIcon;
				ASSETCATALOG_COMPILER_GLOBAL_ACCENT_COLOR_NAME = AccentColor;
				CODE_SIGN_STYLE = Automatic;
				INFOPLIST_FILE = flixster/Info.plist;
				LD_RUNPATH_SEARCH_PATHS = (
					"$(inherited)",
					"@executable_path/Frameworks",
				);
				PRODUCT_BUNDLE_IDENTIFIER = "Danielle-Rolon.flixster";
				PRODUCT_NAME = "$(TARGET_NAME)";
				SWIFT_VERSION = 5.0;
				TARGETED_DEVICE_FAMILY = "1,2";
			};
			name = Debug;
		};
		ACDC62CB251D7AC7002DE483 /* Release */ = {
			isa = XCBuildConfiguration;
			baseConfigurationReference = 3D20AE836932F51A891C6BDA /* Pods-flixster.release.xcconfig */;
			buildSettings = {
				ASSETCATALOG_COMPILER_APPICON_NAME = AppIcon;
				ASSETCATALOG_COMPILER_GLOBAL_ACCENT_COLOR_NAME = AccentColor;
				CODE_SIGN_STYLE = Automatic;
				INFOPLIST_FILE = flixster/Info.plist;
				LD_RUNPATH_SEARCH_PATHS = (
					"$(inherited)",
					"@executable_path/Frameworks",
				);
				PRODUCT_BUNDLE_IDENTIFIER = "Danielle-Rolon.flixster";
				PRODUCT_NAME = "$(TARGET_NAME)";
				SWIFT_VERSION = 5.0;
				TARGETED_DEVICE_FAMILY = "1,2";
			};
			name = Release;
		};
		ACDC62CD251D7AC7002DE483 /* Debug */ = {
			isa = XCBuildConfiguration;
			baseConfigurationReference = 1D6DBE8DD47EA154392384B9 /* Pods-flixsterTests.debug.xcconfig */;
			buildSettings = {
				ALWAYS_EMBED_SWIFT_STANDARD_LIBRARIES = YES;
				BUNDLE_LOADER = "$(TEST_HOST)";
				CODE_SIGN_STYLE = Automatic;
				INFOPLIST_FILE = flixsterTests/Info.plist;
				IPHONEOS_DEPLOYMENT_TARGET = 14.0;
				LD_RUNPATH_SEARCH_PATHS = (
					"$(inherited)",
					"@executable_path/Frameworks",
					"@loader_path/Frameworks",
				);
				PRODUCT_BUNDLE_IDENTIFIER = "Danielle-Rolon.flixsterTests";
				PRODUCT_NAME = "$(TARGET_NAME)";
				SWIFT_VERSION = 5.0;
				TARGETED_DEVICE_FAMILY = "1,2";
				TEST_HOST = "$(BUILT_PRODUCTS_DIR)/flixster.app/flixster";
			};
			name = Debug;
		};
		ACDC62CE251D7AC7002DE483 /* Release */ = {
			isa = XCBuildConfiguration;
			baseConfigurationReference = 9635054841DD12BB4E402721 /* Pods-flixsterTests.release.xcconfig */;
			buildSettings = {
				ALWAYS_EMBED_SWIFT_STANDARD_LIBRARIES = YES;
				BUNDLE_LOADER = "$(TEST_HOST)";
				CODE_SIGN_STYLE = Automatic;
				INFOPLIST_FILE = flixsterTests/Info.plist;
				IPHONEOS_DEPLOYMENT_TARGET = 14.0;
				LD_RUNPATH_SEARCH_PATHS = (
					"$(inherited)",
					"@executable_path/Frameworks",
					"@loader_path/Frameworks",
				);
				PRODUCT_BUNDLE_IDENTIFIER = "Danielle-Rolon.flixsterTests";
				PRODUCT_NAME = "$(TARGET_NAME)";
				SWIFT_VERSION = 5.0;
				TARGETED_DEVICE_FAMILY = "1,2";
				TEST_HOST = "$(BUILT_PRODUCTS_DIR)/flixster.app/flixster";
			};
			name = Release;
		};
		ACDC62D0251D7AC7002DE483 /* Debug */ = {
			isa = XCBuildConfiguration;
			baseConfigurationReference = D5C97DCE87FC4813F13BA1F1 /* Pods-flixster-flixsterUITests.debug.xcconfig */;
			buildSettings = {
				ALWAYS_EMBED_SWIFT_STANDARD_LIBRARIES = YES;
				CODE_SIGN_STYLE = Automatic;
				INFOPLIST_FILE = flixsterUITests/Info.plist;
				LD_RUNPATH_SEARCH_PATHS = (
					"$(inherited)",
					"@executable_path/Frameworks",
					"@loader_path/Frameworks",
				);
				PRODUCT_BUNDLE_IDENTIFIER = "Danielle-Rolon.flixsterUITests";
				PRODUCT_NAME = "$(TARGET_NAME)";
				SWIFT_VERSION = 5.0;
				TARGETED_DEVICE_FAMILY = "1,2";
				TEST_TARGET_NAME = flixster;
			};
			name = Debug;
		};
		ACDC62D1251D7AC7002DE483 /* Release */ = {
			isa = XCBuildConfiguration;
			baseConfigurationReference = C5B93B76E1B8CD9200D39DE8 /* Pods-flixster-flixsterUITests.release.xcconfig */;
			buildSettings = {
				ALWAYS_EMBED_SWIFT_STANDARD_LIBRARIES = YES;
				CODE_SIGN_STYLE = Automatic;
				INFOPLIST_FILE = flixsterUITests/Info.plist;
				LD_RUNPATH_SEARCH_PATHS = (
					"$(inherited)",
					"@executable_path/Frameworks",
					"@loader_path/Frameworks",
				);
				PRODUCT_BUNDLE_IDENTIFIER = "Danielle-Rolon.flixsterUITests";
				PRODUCT_NAME = "$(TARGET_NAME)";
				SWIFT_VERSION = 5.0;
				TARGETED_DEVICE_FAMILY = "1,2";
				TEST_TARGET_NAME = flixster;
			};
			name = Release;
		};
/* End XCBuildConfiguration section */

/* Begin XCConfigurationList section */
		ACDC629A251D7AC5002DE483 /* Build configuration list for PBXProject "flixster" */ = {
			isa = XCConfigurationList;
			buildConfigurations = (
				ACDC62C7251D7AC7002DE483 /* Debug */,
				ACDC62C8251D7AC7002DE483 /* Release */,
			);
			defaultConfigurationIsVisible = 0;
			defaultConfigurationName = Release;
		};
		ACDC62C9251D7AC7002DE483 /* Build configuration list for PBXNativeTarget "flixster" */ = {
			isa = XCConfigurationList;
			buildConfigurations = (
				ACDC62CA251D7AC7002DE483 /* Debug */,
				ACDC62CB251D7AC7002DE483 /* Release */,
			);
			defaultConfigurationIsVisible = 0;
			defaultConfigurationName = Release;
		};
		ACDC62CC251D7AC7002DE483 /* Build configuration list for PBXNativeTarget "flixsterTests" */ = {
			isa = XCConfigurationList;
			buildConfigurations = (
				ACDC62CD251D7AC7002DE483 /* Debug */,
				ACDC62CE251D7AC7002DE483 /* Release */,
			);
			defaultConfigurationIsVisible = 0;
			defaultConfigurationName = Release;
		};
		ACDC62CF251D7AC7002DE483 /* Build configuration list for PBXNativeTarget "flixsterUITests" */ = {
			isa = XCConfigurationList;
			buildConfigurations = (
				ACDC62D0251D7AC7002DE483 /* Debug */,
				ACDC62D1251D7AC7002DE483 /* Release */,
			);
			defaultConfigurationIsVisible = 0;
			defaultConfigurationName = Release;
		};
/* End XCConfigurationList section */
	};
	rootObject = ACDC6297251D7AC5002DE483 /* Project object */;
}
